<?xml version="1.0" encoding="UTF-8" standalone="yes" ?>
<CodeBlocks_project_file>
	<FileVersion major="1" minor="6" />
	<Project>
		<Option title="vessWX" />
		<Option makefile_is_custom="1" />
		<Option pch_mode="2" />
		<Option compiler="gcc" />
		<Build>
			<Target title="vessServerWX">
				<Option output="vessWX" prefix_auto="1" extension_auto="1" />
				<Option object_output="obj/Release/" />
				<Option type="0" />
				<Option compiler="gcc" />
				<Option projectLinkerOptionsRelation="2" />
				<Compiler>
					<Add option="-Wall" />
					<Add option="-g" />
				</Compiler>
				<ExtraCommands>
					<Add after="/Developer/Tools/Rez -d __DARWIN__ -t APPL Carbon.r -o $(TARGET_OUTPUT_FILE)" />
				</ExtraCommands>
			</Target>
		</Build>
		<Compiler>
			<Add option="-Wall" />
			<Add option="-g" />
			<Add option="`wx-config --cflags`" />
		</Compiler>
		<Linker>
			<Add option="`wx-config --libs`" />
		</Linker>
		<Unit filename="../../include/DebugVisitor.h" />
		<Unit filename="../../include/EventDispatcher.h" />
		<Unit filename="../../include/asBasicNode.h" />
		<Unit filename="../../include/asCameraManager.h" />
		<Unit filename="../../include/asCameraView.h" />
		<Unit filename="../../include/asConstraints.h" />
		<Unit filename="../../include/asContour.h" />
		<Unit filename="../../include/asDSPnode.h" />
		<Unit filename="../../include/asGlobals.h" />
		<Unit filename="../../include/asLightSource.h" />
		<Unit filename="../../include/asMeasurementNode.h" />
		<Unit filename="../../include/asMediaManager.h" />
		<Unit filename="../../include/asModel.h" />
		<Unit filename="../../include/asPointer.h" />
		<Unit filename="../../include/asRay.h" />
		<Unit filename="../../include/asRayIntersector.h" />
		<Unit filename="../../include/asReferenced.h" />
		<Unit filename="../../include/asSceneManager.h" />
		<Unit filename="../../include/asShape.h" />
		<Unit filename="../../include/asSoundConnection.h" />
		<Unit filename="../../include/asSoundNode.h" />
		<Unit filename="../../include/asSoundSpace.h" />
		<Unit filename="../../include/asToggle.h" />
		<Unit filename="../../include/asUtil.h" />
		<Unit filename="../../include/asVideo.h" />
		<Unit filename="../../include/asWindow.h" />
		<Unit filename="../../include/findNodeVisitor.h" />
		<Unit filename="../../include/libloUtil.h" />
		<Unit filename="../../include/mainpage.h" />
		<Unit filename="../../include/msgUtil.h" />
		<Unit filename="../../include/oscParser.h" />
		<Unit filename="../../include/osgUtil.h" />
		<Unit filename="../../include/pdUtil.h" />
		<Unit filename="../../include/vessThreads.h" />
		<Unit filename="../../include/vessWX.h" />
		<Unit filename="../../include/wxVessConfig.h" />
		<Unit filename="../../include/wxVessEditor.h" />
		<Unit filename="../../include/wxVessMain.h" />
		<Unit filename="../../include/wxVessPropGrid.h" />
		<Unit filename="../../include/wxVessRenderer.h" />
		<Unit filename="../../include/wxVessTreeCtrl.h" />
		<Unit filename="../../include/wxVessTreeVisitor.h" />
		<Unit filename="DebugVisitor.cpp" />
		<Unit filename="NewPanel.h" />
		<Unit filename="asBasicNode.cpp" />
		<Unit filename="asCameraManager.cpp" />
		<Unit filename="asCameraView.cpp" />
		<Unit filename="asConstraints.cpp" />
		<Unit filename="asContour.cpp" />
		<Unit filename="asDSPnode.cpp" />
		<Unit filename="asGlobals.cpp" />
		<Unit filename="asLightSource.cpp" />
		<Unit filename="asMeasurementNode.cpp" />
		<Unit filename="asMediaManager.cpp" />
		<Unit filename="asModel.cpp" />
		<Unit filename="asPointer.cpp" />
		<Unit filename="asRay.cpp" />
		<Unit filename="asRayIntersector.cpp" />
		<Unit filename="asReferenced.cpp" />
		<Unit filename="asSceneManager.cpp" />
		<Unit filename="asShape.cpp" />
		<Unit filename="asSoundConnection.cpp" />
		<Unit filename="asSoundNode.cpp" />
		<Unit filename="asSoundSpace.cpp" />
		<Unit filename="asToggle.cpp" />
		<Unit filename="asUtil.cpp" />
		<Unit filename="asVideo.cpp" />
		<Unit filename="asViewer.cpp" />
		<Unit filename="asWindow.cpp" />
		<Unit filename="findNodeVisitor.cpp" />
		<Unit filename="libloUtil.cpp" />
		<Unit filename="osgUtil.cpp" />
		<Unit filename="pdUtil.cpp" />
		<Unit filename="testViewer.cpp" />
		<Unit filename="vess.cpp" />
		<Unit filename="vessServer.cpp" />
		<Unit filename="vessThreads.cpp" />
		<Unit filename="vessWX.cpp" />
		<Unit filename="viewer.cpp" />
		<Unit filename="wxVessConfig.cpp" />
		<Unit filename="wxVessEditor.cpp" />
		<Unit filename="wxVessMain.cpp" />
		<Unit filename="wxVessPropGrid.cpp" />
		<Unit filename="wxVessRenderer.cpp" />
		<Unit filename="wxVessTreeCtrl.cpp" />
		<Unit filename="wxVessTreeVisitor.cpp" />
		<Unit filename="wxsmith/NewPanel.wxs" />
		<Extensions>
			<code_completion />
			<envvars />
			<debugger />
			<lib_finder disable_auto="1" />
			<wxsmith version="1">
				<gui name="wxWidgets" src="vessWX.cpp" main="wxVessMain" init_handlers="necessary" language="CPP" />
				<resources>
					<wxFrame wxs="wxsmith/wxVessMain.wxs" src="wxVessMain.cpp" hdr="../../include/wxVessMain.h" name="wxVessMain" language="CPP" />
					<wxFrame wxs="wxsmith/wxVessEditor.wxs" src="wxVessEditor.cpp" hdr="../../include/wxVessEditor.h" name="wxVessEditor" language="CPP" />
					<wxFrame wxs="wxsmith/wxVessRenderer.wxs" src="wxVessRenderer.cpp" hdr="../../include/wxVessRenderer.h" name="wxVessRenderer" language="CPP" />
					<wxPanel wxs="wxsmith/wxVessConfig.wxs" src="wxVessConfig.cpp" hdr="../../include/wxVessConfig.h" name="wxVessConfig" language="CPP" />
					<wxPanel wxs="wxsmith/NewPanel.wxs" src="NewPanel.cpp" hdr="NewPanel.h" name="NewPanel" language="CPP" />
				</resources>
			</wxsmith>
		</Extensions>
	</Project>
</CodeBlocks_project_file>
